
Microsoft Visual Studio Solution File, Format Version 12.00
# Visual Studio Version 17
VisualStudioVersion = 17.10.35122.118
MinimumVisualStudioVersion = 10.0.40219.1
Project("{8BC9CEB8-8B4A-11D0-8D11-00A0C91BC942}") = "Leecode解题", "Leecode解题\Leecode解题.vcxproj", "{405002D4-AC75-46E6-A71E-C984EB7ED181}"
EndProject
Global
	GlobalSection(SolutionConfigurationPlatforms) = preSolution
		Debug|x64 = Debug|x64
		Debug|x86 = Debug|x86
		Release|x64 = Release|x64
		Release|x86 = Release|x86
	EndGlobalSection
	GlobalSection(ProjectConfigurationPlatforms) = postSolution
		{405002D4-AC75-46E6-A71E-C984EB7ED181}.Debug|x64.ActiveCfg = Debug|x64
		{405002D4-AC75-46E6-A71E-C984EB7ED181}.Debug|x64.Build.0 = Debug|x64
		{405002D4-AC75-46E6-A71E-C984EB7ED181}.Debug|x86.ActiveCfg = Debug|Win32
		{405002D4-AC75-46E6-A71E-C984EB7ED181}.Debug|x86.Build.0 = Debug|Win32
		{405002D4-AC75-46E6-A71E-C984EB7ED181}.Release|x64.ActiveCfg = Release|x64
		{405002D4-AC75-46E6-A71E-C984EB7ED181}.Release|x64.Build.0 = Release|x64
		{405002D4-AC75-46E6-A71E-C984EB7ED181}.Release|x86.ActiveCfg = Release|Win32
		{405002D4-AC75-46E6-A71E-C984EB7ED181}.Release|x86.Build.0 = Release|Win32
	EndGlobalSection
	GlobalSection(SolutionProperties) = preSolution
		HideSolutionNode = FALSE
	EndGlobalSection
	GlobalSection(ExtensibilityGlobals) = postSolution
		SolutionGuid = {B3C0C808-ADB7-42B2-85E4-C835881677A5}
	EndGlobalSection
EndGlobal
